
Microsoft Visual Studio Solution File, Format Version 12.00
# Visual Studio Version 16
VisualStudioVersion = 16.0.29418.71
MinimumVisualStudioVersion = 10.0.40219.1
Project("{FAE04EC0-301F-11D3-BF4B-00C04F79EFBC}") = "ToggleDesktop", "ToggleDesktop.csproj", "{82587B49-519F-4E43-ACB4-8BA8D94ED181}"
EndProject
Global
	GlobalSection(SolutionConfigurationPlatforms) = preSolution
		Debug|Any CPU = Debug|Any CPU
		Release|Any CPU = Release|Any CPU
	EndGlobalSection
	GlobalSection(ProjectConfigurationPlatforms) = postSolution
		{82587B49-519F-4E43-ACB4-8BA8D94ED181}.Debug|Any CPU.ActiveCfg = Debug|Any CPU
		{82587B49-519F-4E43-ACB4-8BA8D94ED181}.Debug|Any CPU.Build.0 = Debug|Any CPU
		{82587B49-519F-4E43-ACB4-8BA8D94ED181}.Release|Any CPU.ActiveCfg = Release|Any CPU
		{82587B49-519F-4E43-ACB4-8BA8D94ED181}.Release|Any CPU.Build.0 = Release|Any CPU
	EndGlobalSection
	GlobalSection(SolutionProperties) = preSolution
		HideSolutionNode = FALSE
	EndGlobalSection
	GlobalSection(ExtensibilityGlobals) = postSolution
		SolutionGuid = {EBD2B3D1-6290-42D4-AE0B-63C1B6E18BBD}
	EndGlobalSection
EndGlobal
